
Microsoft Visual Studio Solution File, Format Version 12.00
# Visual Studio Version 16
VisualStudioVersion = 16.0.30413.136
MinimumVisualStudioVersion = 10.0.40219.1
Project("{FAE04EC0-301F-11D3-BF4B-00C04F79EFBC}") = "UE4IncludeFix", "UE4IncludeFix\UE4IncludeFix.csproj", "{B7A9881C-C531-46F5-90DE-AC65D5735077}"
EndProject
Global
	GlobalSection(SolutionConfigurationPlatforms) = preSolution
		Debug|Any CPU = Debug|Any CPU
		Release|Any CPU = Release|Any CPU
	EndGlobalSection
	GlobalSection(ProjectConfigurationPlatforms) = postSolution
		{B7A9881C-C531-46F5-90DE-AC65D5735077}.Debug|Any CPU.ActiveCfg = Debug|Any CPU
		{B7A9881C-C531-46F5-90DE-AC65D5735077}.Debug|Any CPU.Build.0 = Debug|Any CPU
		{B7A9881C-C531-46F5-90DE-AC65D5735077}.Release|Any CPU.ActiveCfg = Release|Any CPU
		{B7A9881C-C531-46F5-90DE-AC65D5735077}.Release|Any CPU.Build.0 = Release|Any CPU
	EndGlobalSection
	GlobalSection(SolutionProperties) = preSolution
		HideSolutionNode = FALSE
	EndGlobalSection
	GlobalSection(ExtensibilityGlobals) = postSolution
		SolutionGuid = {33E1517D-23C8-4292-B700-982188A94B12}
	EndGlobalSection
EndGlobal
